
Microsoft Visual Studio Solution File, Format Version 12.00
# Visual Studio 2012
Project("{FAE04EC0-301F-11D3-BF4B-00C04F79EFBC}") = "BrandAnalytics", "BrandAnalytics\BrandAnalytics.csproj", "{97A0DC6F-CAF2-4E5D-8AA2-D9A4EB3B4B4B}"
	ProjectSection(ProjectDependencies) = postProject
		{1B33828C-B7AB-449E-8ED4-C5B146232FCB} = {1B33828C-B7AB-449E-8ED4-C5B146232FCB}
	EndProjectSection
EndProject
Project("{FAE04EC0-301F-11D3-BF4B-00C04F79EFBC}") = "TwitterSpy", "TwitterSpy\TwitterSpy.csproj", "{1B33828C-B7AB-449E-8ED4-C5B146232FCB}"
EndProject
Project("{FAE04EC0-301F-11D3-BF4B-00C04F79EFBC}") = "BrandAnalytics.Data", "BrandAnalytics.Data\BrandAnalytics.Data.csproj", "{D73189A3-3B85-446F-A379-B62C14300ABC}"
EndProject
Project("{FAE04EC0-301F-11D3-BF4B-00C04F79EFBC}") = "BrandAnalytics.Web", "BrandAnalytics.Web\BrandAnalytics.Web.csproj", "{EC218C80-605A-448B-9852-A51168C19AA5}"
	ProjectSection(ProjectDependencies) = postProject
		{97A0DC6F-CAF2-4E5D-8AA2-D9A4EB3B4B4B} = {97A0DC6F-CAF2-4E5D-8AA2-D9A4EB3B4B4B}
	EndProjectSection
EndProject
Project("{2150E333-8FDC-42A3-9474-1A3956D46DE8}") = "Infrastructure", "Infrastructure", "{60E8D83A-F076-4E65-913C-8EDADE5B593E}"
EndProject
Project("{2150E333-8FDC-42A3-9474-1A3956D46DE8}") = "Services", "Services", "{347D292A-3740-46D4-BD08-58758068E4CD}"
EndProject
Project("{FAE04EC0-301F-11D3-BF4B-00C04F79EFBC}") = "BrandAnalytics.Infrastructure", "BrandAnalytics.Infrastructure\BrandAnalytics.Infrastructure.csproj", "{6AD51482-BC52-4B12-958C-84AD9813D761}"
EndProject
Project("{CC5FD16D-436D-48AD-A40C-5A424C6E3E79}") = "BrandAnalytics.Azure", "BrandAnalytics.Azure\BrandAnalytics.Azure.ccproj", "{67530E20-D5F8-4481-9D4E-2CBCBEE2ECA0}"
EndProject
Global
	GlobalSection(SolutionConfigurationPlatforms) = preSolution
		Debug|Any CPU = Debug|Any CPU
		Release|Any CPU = Release|Any CPU
	EndGlobalSection
	GlobalSection(ProjectConfigurationPlatforms) = postSolution
		{97A0DC6F-CAF2-4E5D-8AA2-D9A4EB3B4B4B}.Debug|Any CPU.ActiveCfg = Debug|Any CPU
		{97A0DC6F-CAF2-4E5D-8AA2-D9A4EB3B4B4B}.Debug|Any CPU.Build.0 = Debug|Any CPU
		{97A0DC6F-CAF2-4E5D-8AA2-D9A4EB3B4B4B}.Release|Any CPU.ActiveCfg = Release|Any CPU
		{97A0DC6F-CAF2-4E5D-8AA2-D9A4EB3B4B4B}.Release|Any CPU.Build.0 = Release|Any CPU
		{1B33828C-B7AB-449E-8ED4-C5B146232FCB}.Debug|Any CPU.ActiveCfg = Debug|Any CPU
		{1B33828C-B7AB-449E-8ED4-C5B146232FCB}.Debug|Any CPU.Build.0 = Debug|Any CPU
		{1B33828C-B7AB-449E-8ED4-C5B146232FCB}.Release|Any CPU.ActiveCfg = Release|Any CPU
		{1B33828C-B7AB-449E-8ED4-C5B146232FCB}.Release|Any CPU.Build.0 = Release|Any CPU
		{D73189A3-3B85-446F-A379-B62C14300ABC}.Debug|Any CPU.ActiveCfg = Debug|Any CPU
		{D73189A3-3B85-446F-A379-B62C14300ABC}.Debug|Any CPU.Build.0 = Debug|Any CPU
		{D73189A3-3B85-446F-A379-B62C14300ABC}.Release|Any CPU.ActiveCfg = Release|Any CPU
		{D73189A3-3B85-446F-A379-B62C14300ABC}.Release|Any CPU.Build.0 = Release|Any CPU
		{EC218C80-605A-448B-9852-A51168C19AA5}.Debug|Any CPU.ActiveCfg = Debug|Any CPU
		{EC218C80-605A-448B-9852-A51168C19AA5}.Debug|Any CPU.Build.0 = Debug|Any CPU
		{EC218C80-605A-448B-9852-A51168C19AA5}.Release|Any CPU.ActiveCfg = Release|Any CPU
		{EC218C80-605A-448B-9852-A51168C19AA5}.Release|Any CPU.Build.0 = Release|Any CPU
		{6AD51482-BC52-4B12-958C-84AD9813D761}.Debug|Any CPU.ActiveCfg = Debug|Any CPU
		{6AD51482-BC52-4B12-958C-84AD9813D761}.Debug|Any CPU.Build.0 = Debug|Any CPU
		{6AD51482-BC52-4B12-958C-84AD9813D761}.Release|Any CPU.ActiveCfg = Release|Any CPU
		{6AD51482-BC52-4B12-958C-84AD9813D761}.Release|Any CPU.Build.0 = Release|Any CPU
		{67530E20-D5F8-4481-9D4E-2CBCBEE2ECA0}.Debug|Any CPU.ActiveCfg = Debug|Any CPU
		{67530E20-D5F8-4481-9D4E-2CBCBEE2ECA0}.Debug|Any CPU.Build.0 = Debug|Any CPU
		{67530E20-D5F8-4481-9D4E-2CBCBEE2ECA0}.Release|Any CPU.ActiveCfg = Release|Any CPU
		{67530E20-D5F8-4481-9D4E-2CBCBEE2ECA0}.Release|Any CPU.Build.0 = Release|Any CPU
	EndGlobalSection
	GlobalSection(SolutionProperties) = preSolution
		HideSolutionNode = FALSE
	EndGlobalSection
	GlobalSection(NestedProjects) = preSolution
		{1B33828C-B7AB-449E-8ED4-C5B146232FCB} = {347D292A-3740-46D4-BD08-58758068E4CD}
		{97A0DC6F-CAF2-4E5D-8AA2-D9A4EB3B4B4B} = {347D292A-3740-46D4-BD08-58758068E4CD}
		{D73189A3-3B85-446F-A379-B62C14300ABC} = {60E8D83A-F076-4E65-913C-8EDADE5B593E}
		{6AD51482-BC52-4B12-958C-84AD9813D761} = {60E8D83A-F076-4E65-913C-8EDADE5B593E}
	EndGlobalSection
EndGlobal
